
Microsoft Visual Studio Solution File, Format Version 12.00
# Visual Studio Version 17
VisualStudioVersion = 17.14.36221.1 d17.14
MinimumVisualStudioVersion = 10.0.40219.1
Project("{FAE04EC0-301F-11D3-BF4B-00C04F79EFBC}") = "MyWebPortal", "MyWebPortal\MyWebPortal.csproj", "{16EEBDF5-F249-45DE-B807-2619E648B09D}"
EndProject
Global
	GlobalSection(SolutionConfigurationPlatforms) = preSolution
		Debug|Any CPU = Debug|Any CPU
		Release|Any CPU = Release|Any CPU
	EndGlobalSection
	GlobalSection(ProjectConfigurationPlatforms) = postSolution
		{16EEBDF5-F249-45DE-B807-2619E648B09D}.Debug|Any CPU.ActiveCfg = Debug|Any CPU
		{16EEBDF5-F249-45DE-B807-2619E648B09D}.Debug|Any CPU.Build.0 = Debug|Any CPU
		{16EEBDF5-F249-45DE-B807-2619E648B09D}.Release|Any CPU.ActiveCfg = Release|Any CPU
		{16EEBDF5-F249-45DE-B807-2619E648B09D}.Release|Any CPU.Build.0 = Release|Any CPU
	EndGlobalSection
	GlobalSection(SolutionProperties) = preSolution
		HideSolutionNode = FALSE
	EndGlobalSection
	GlobalSection(ExtensibilityGlobals) = postSolution
		SolutionGuid = {36D9CCDB-A438-4392-8981-AE63C31FE097}
	EndGlobalSection
EndGlobal
